// !$*UTF8*$!
{
	archiveVersion = 1;
	classes = {
	};
	objectVersion = 50;
	objects = {

/* Begin PBXBuildFile section */
		BD31B94926A28BEE003AE8EF /* SwiftUIDemoApp.swift in Sources */ = {isa = PBXBuildFile; fileRef = BD31B94826A28BEE003AE8EF /* SwiftUIDemoApp.swift */; };
		BD31B94B26A28BEE003AE8EF /* ContentView.swift in Sources */ = {isa = PBXBuildFile; fileRef = BD31B94A26A28BEE003AE8EF /* ContentView.swift */; };
		BD31B94D26A28BF0003AE8EF /* Assets.xcassets in Resources */ = {isa = PBXBuildFile; fileRef = BD31B94C26A28BF0003AE8EF /* Assets.xcassets */; };
		BD31B95026A28BF0003AE8EF /* Preview Assets.xcassets in Resources */ = {isa = PBXBuildFile; fileRef = BD31B94F26A28BF0003AE8EF /* Preview Assets.xcassets */; };
		BD31B95B26A28BF0003AE8EF /* SwiftUIDemoTests.swift in Sources */ = {isa = PBXBuildFile; fileRef = BD31B95A26A28BF0003AE8EF /* SwiftUIDemoTests.swift */; };
		BD31B96626A28BF1003AE8EF /* SwiftUIDemoUITests.swift in Sources */ = {isa = PBXBuildFile; fileRef = BD31B96526A28BF0003AE8EF /* SwiftUIDemoUITests.swift */; };
/* End PBXBuildFile section */

/* Begin PBXContainerItemProxy section */
		BD31B95726A28BF0003AE8EF /* PBXContainerItemProxy */ = {
			isa = PBXContainerItemProxy;
			containerPortal = BD31B93D26A28BEE003AE8EF /* Project object */;
			proxyType = 1;
			remoteGlobalIDString = BD31B94426A28BEE003AE8EF;
			remoteInfo = SwiftUIDemo;
		};
		BD31B96226A28BF0003AE8EF /* PBXContainerItemProxy */ = {
			isa = PBXContainerItemProxy;
			containerPortal = BD31B93D26A28BEE003AE8EF /* Project object */;
			proxyType = 1;
			remoteGlobalIDString = BD31B94426A28BEE003AE8EF;
			remoteInfo = SwiftUIDemo;
		};
/* End PBXContainerItemProxy section */

/* Begin PBXFileReference section */
		BD31B94526A28BEE003AE8EF /* SwiftUIDemo.app */ = {isa = PBXFileReference; explicitFileType = wrapper.application; includeInIndex = 0; path = SwiftUIDemo.app; sourceTree = BUILT_PRODUCTS_DIR; };
		BD31B94826A28BEE003AE8EF /* SwiftUIDemoApp.swift */ = {isa = PBXFileReference; lastKnownFileType = sourcecode.swift; path = SwiftUIDemoApp.swift; sourceTree = "<group>"; };
		BD31B94A26A28BEE003AE8EF /* ContentView.swift */ = {isa = PBXFileReference; lastKnownFileType = sourcecode.swift; path = ContentView.swift; sourceTree = "<group>"; };
		BD31B94C26A28BF0003AE8EF /* Assets.xcassets */ = {isa = PBXFileReference; lastKnownFileType = folder.assetcatalog; path = Assets.xcassets; sourceTree = "<group>"; };
		BD31B94F26A28BF0003AE8EF /* Preview Assets.xcassets */ = {isa = PBXFileReference; lastKnownFileType = folder.assetcatalog; path = "Preview Assets.xcassets"; sourceTree = "<group>"; };
		BD31B95126A28BF0003AE8EF /* Info.plist */ = {isa = PBXFileReference; lastKnownFileType = text.plist.xml; path = Info.plist; sourceTree = "<group>"; };
		BD31B95626A28BF0003AE8EF /* SwiftUIDemoTests.xctest */ = {isa = PBXFileReference; explicitFileType = wrapper.cfbundle; includeInIndex = 0; path = SwiftUIDemoTests.xctest; sourceTree = BUILT_PRODUCTS_DIR; };
		BD31B95A26A28BF0003AE8EF /* SwiftUIDemoTests.swift */ = {isa = PBXFileReference; lastKnownFileType = sourcecode.swift; path = SwiftUIDemoTests.swift; sourceTree = "<group>"; };
		BD31B95C26A28BF0003AE8EF /* Info.plist */ = {isa = PBXFileReference; lastKnownFileType = text.plist.xml; path = Info.plist; sourceTree = "<group>"; };
		BD31B96126A28BF0003AE8EF /* SwiftUIDemoUITests.xctest */ = {isa = PBXFileReference; explicitFileType = wrapper.cfbundle; includeInIndex = 0; path = SwiftUIDemoUITests.xctest; sourceTree = BUILT_PRODUCTS_DIR; };
		BD31B96526A28BF0003AE8EF /* SwiftUIDemoUITests.swift */ = {isa = PBXFileReference; lastKnownFileType = sourcecode.swift; path = SwiftUIDemoUITests.swift; sourceTree = "<group>"; };
		BD31B96726A28BF1003AE8EF /* Info.plist */ = {isa = PBXFileReference; lastKnownFileType = text.plist.xml; path = Info.plist; sourceTree = "<group>"; };
/* End PBXFileReference section */

/* Begin PBXFrameworksBuildPhase section */
		BD31B94226A28BEE003AE8EF /* Frameworks */ = {
			isa = PBXFrameworksBuildPhase;
			buildActionMask = 2147483647;
			files = (
			);
			runOnlyForDeploymentPostprocessing = 0;
		};
		BD31B95326A28BF0003AE8EF /* Frameworks */ = {
			isa = PBXFrameworksBuildPhase;
			buildActionMask = 2147483647;
			files = (
			);
			runOnlyForDeploymentPostprocessing = 0;
		};
		BD31B95E26A28BF0003AE8EF /* Frameworks */ = {
			isa = PBXFrameworksBuildPhase;
			buildActionMask = 2147483647;
			files = (
			);
			runOnlyForDeploymentPostprocessing = 0;
		};
/* End PBXFrameworksBuildPhase section */

/* Begin PBXGroup section */
		BD31B93C26A28BEE003AE8EF = {
			isa = PBXGroup;
			children = (
				BD31B94726A28BEE003AE8EF /* SwiftUIDemo */,
				BD31B95926A28BF0003AE8EF /* SwiftUIDemoTests */,
				BD31B96426A28BF0003AE8EF /* SwiftUIDemoUITests */,
				BD31B94626A28BEE003AE8EF /* Products */,
			);
			sourceTree = "<group>";
		};
		BD31B94626A28BEE003AE8EF /* Products */ = {
			isa = PBXGroup;
			children = (
				BD31B94526A28BEE003AE8EF /* SwiftUIDemo.app */,
				BD31B95626A28BF0003AE8EF /* SwiftUIDemoTests.xctest */,
				BD31B96126A28BF0003AE8EF /* SwiftUIDemoUITests.xctest */,
			);
			name = Products;
			sourceTree = "<group>";
		};
		BD31B94726A28BEE003AE8EF /* SwiftUIDemo */ = {
			isa = PBXGroup;
			children = (
				BD31B94826A28BEE003AE8EF /* SwiftUIDemoApp.swift */,
				BD31B94A26A28BEE003AE8EF /* ContentView.swift */,
				BD31B94C26A28BF0003AE8EF /* Assets.xcassets */,
				BD31B95126A28BF0003AE8EF /* Info.plist */,
				BD31B94E26A28BF0003AE8EF /* Preview Content */,
			);
			path = SwiftUIDemo;
			sourceTree = "<group>";
		};
		BD31B94E26A28BF0003AE8EF /* Preview Content */ = {
			isa = PBXGroup;
			children = (
				BD31B94F26A28BF0003AE8EF /* Preview Assets.xcassets */,
			);
			path = "Preview Content";
			sourceTree = "<group>";
		};
		BD31B95926A28BF0003AE8EF /* SwiftUIDemoTests */ = {
			isa = PBXGroup;
			children = (
				BD31B95A26A28BF0003AE8EF /* SwiftUIDemoTests.swift */,
				BD31B95C26A28BF0003AE8EF /* Info.plist */,
			);
			path = SwiftUIDemoTests;
			sourceTree = "<group>";
		};
		BD31B96426A28BF0003AE8EF /* SwiftUIDemoUITests */ = {
			isa = PBXGroup;
			children = (
				BD31B96526A28BF0003AE8EF /* SwiftUIDemoUITests.swift */,
				BD31B96726A28BF1003AE8EF /* Info.plist */,
			);
			path = SwiftUIDemoUITests;
			sourceTree = "<group>";
		};
/* End PBXGroup section */

/* Begin PBXNativeTarget section */
		BD31B94426A28BEE003AE8EF /* SwiftUIDemo */ = {
			isa = PBXNativeTarget;
			buildConfigurationList = BD31B96A26A28BF1003AE8EF /* Build configuration list for PBXNativeTarget "SwiftUIDemo" */;
			buildPhases = (
				BD31B94126A28BEE003AE8EF /* Sources */,
				BD31B94226A28BEE003AE8EF /* Frameworks */,
				BD31B94326A28BEE003AE8EF /* Resources */,
			);
			buildRules = (
			);
			dependencies = (
			);
			name = SwiftUIDemo;
			productName = SwiftUIDemo;
			productReference = BD31B94526A28BEE003AE8EF /* SwiftUIDemo.app */;
			productType = "com.apple.product-type.application";
		};
		BD31B95526A28BF0003AE8EF /* SwiftUIDemoTests */ = {
			isa = PBXNativeTarget;
			buildConfigurationList = BD31B96D26A28BF1003AE8EF /* Build configuration list for PBXNativeTarget "SwiftUIDemoTests" */;
			buildPhases = (
				BD31B95226A28BF0003AE8EF /* Sources */,
				BD31B95326A28BF0003AE8EF /* Frameworks */,
				BD31B95426A28BF0003AE8EF /* Resources */,
			);
			buildRules = (
			);
			dependencies = (
				BD31B95826A28BF0003AE8EF /* PBXTargetDependency */,
			);
			name = SwiftUIDemoTests;
			productName = SwiftUIDemoTests;
			productReference = BD31B95626A28BF0003AE8EF /* SwiftUIDemoTests.xctest */;
			productType = "com.apple.product-type.bundle.unit-test";
		};
		BD31B96026A28BF0003AE8EF /* SwiftUIDemoUITests */ = {
			isa = PBXNativeTarget;
			buildConfigurationList = BD31B97026A28BF1003AE8EF /* Build configuration list for PBXNativeTarget "SwiftUIDemoUITests" */;
			buildPhases = (
				BD31B95D26A28BF0003AE8EF /* Sources */,
				BD31B95E26A28BF0003AE8EF /* Frameworks */,
				BD31B95F26A28BF0003AE8EF /* Resources */,
			);
			buildRules = (
			);
			dependencies = (
				BD31B96326A28BF0003AE8EF /* PBXTargetDependency */,
			);
			name = SwiftUIDemoUITests;
			productName = SwiftUIDemoUITests;
			productReference = BD31B96126A28BF0003AE8EF /* SwiftUIDemoUITests.xctest */;
			productType = "com.apple.product-type.bundle.ui-testing";
		};
/* End PBXNativeTarget section */

/* Begin PBXProject section */
		BD31B93D26A28BEE003AE8EF /* Project object */ = {
			isa = PBXProject;
			attributes = {
				LastSwiftUpdateCheck = 1250;
				LastUpgradeCheck = 1250;
				TargetAttributes = {
					BD31B94426A28BEE003AE8EF = {
						CreatedOnToolsVersion = 12.5.1;
					};
					BD31B95526A28BF0003AE8EF = {
						CreatedOnToolsVersion = 12.5.1;
						TestTargetID = BD31B94426A28BEE003AE8EF;
					};
					BD31B96026A28BF0003AE8EF = {
						CreatedOnToolsVersion = 12.5.1;
						TestTargetID = BD31B94426A28BEE003AE8EF;
					};
				};
			};
			buildConfigurationList = BD31B94026A28BEE003AE8EF /* Build configuration list for PBXProject "SwiftUIDemo" */;
			compatibilityVersion = "Xcode 9.3";
			developmentRegion = en;
			hasScannedForEncodings = 0;
			knownRegions = (
				en,
				Base,
			);
			mainGroup = BD31B93C26A28BEE003AE8EF;
			productRefGroup = BD31B94626A28BEE003AE8EF /* Products */;
			projectDirPath = "";
			projectRoot = "";
			targets = (
				BD31B94426A28BEE003AE8EF /* SwiftUIDemo */,
				BD31B95526A28BF0003AE8EF /* SwiftUIDemoTests */,
				BD31B96026A28BF0003AE8EF /* SwiftUIDemoUITests */,
			);
		};
/* End PBXProject section */

/* Begin PBXResourcesBuildPhase section */
		BD31B94326A28BEE003AE8EF /* Resources */ = {
			isa = PBXResourcesBuildPhase;
			buildActionMask = 2147483647;
			files = (
				BD31B95026A28BF0003AE8EF /* Preview Assets.xcassets in Resources */,
				BD31B94D26A28BF0003AE8EF /* Assets.xcassets in Resources */,
			);
			runOnlyForDeploymentPostprocessing = 0;
		};
		BD31B95426A28BF0003AE8EF /* Resources */ = {
			isa = PBXResourcesBuildPhase;
			buildActionMask = 2147483647;
			files = (
			);
			runOnlyForDeploymentPostprocessing = 0;
		};
		BD31B95F26A28BF0003AE8EF /* Resources */ = {
			isa = PBXResourcesBuildPhase;
			buildActionMask = 2147483647;
			files = (
			);
			runOnlyForDeploymentPostprocessing = 0;
		};
/* End PBXResourcesBuildPhase section */

/* Begin PBXSourcesBuildPhase section */
		BD31B94126A28BEE003AE8EF /* Sources */ = {
			isa = PBXSourcesBuildPhase;
			buildActionMask = 2147483647;
			files = (
				BD31B94B26A28BEE003AE8EF /* ContentView.swift in Sources */,
				BD31B94926A28BEE003AE8EF /* SwiftUIDemoApp.swift in Sources */,
			);
			runOnlyForDeploymentPostprocessing = 0;
		};
		BD31B95226A28BF0003AE8EF /* Sources */ = {
			isa = PBXSourcesBuildPhase;
			buildActionMask = 2147483647;
			files = (
				BD31B95B26A28BF0003AE8EF /* SwiftUIDemoTests.swift in Sources */,
			);
			runOnlyForDeploymentPostprocessing = 0;
		};
		BD31B95D26A28BF0003AE8EF /* Sources */ = {
			isa = PBXSourcesBuildPhase;
			buildActionMask = 2147483647;
			files = (
				BD31B96626A28BF1003AE8EF /* SwiftUIDemoUITests.swift in Sources */,
			);
			runOnlyForDeploymentPostprocessing = 0;
		};
/* End PBXSourcesBuildPhase section */

/* Begin PBXTargetDependency section */
		BD31B95826A28BF0003AE8EF /* PBXTargetDependency */ = {
			isa = PBXTargetDependency;
			target = BD31B94426A28BEE003AE8EF /* SwiftUIDemo */;
			targetProxy = BD31B95726A28BF0003AE8EF /* PBXContainerItemProxy */;
		};
		BD31B96326A28BF0003AE8EF /* PBXTargetDependency */ = {
			isa = PBXTargetDependency;
			target = BD31B94426A28BEE003AE8EF /* SwiftUIDemo */;
			targetProxy = BD31B96226A28BF0003AE8EF /* PBXContainerItemProxy */;
		};
/* End PBXTargetDependency section */

/* Begin XCBuildConfiguration section */
		BD31B96826A28BF1003AE8EF /* Debug */ = {
			isa = XCBuildConfiguration;
			buildSettings = {
				ALWAYS_SEARCH_USER_PATHS = NO;
				CLANG_ANALYZER_NONNULL = YES;
				CLANG_ANALYZER_NUMBER_OBJECT_CONVERSION = YES_AGGRESSIVE;
				CLANG_CXX_LANGUAGE_STANDARD = "gnu++14";
				CLANG_CXX_LIBRARY = "libc++";
				CLANG_ENABLE_MODULES = YES;
				CLANG_ENABLE_OBJC_ARC = YES;
				CLANG_ENABLE_OBJC_WEAK = YES;
				CLANG_WARN_BLOCK_CAPTURE_AUTORELEASING = YES;
				CLANG_WARN_BOOL_CONVERSION = YES;
				CLANG_WARN_COMMA = YES;
				CLANG_WARN_CONSTANT_CONVERSION = YES;
				CLANG_WARN_DEPRECATED_OBJC_IMPLEMENTATIONS = YES;
				CLANG_WARN_DIRECT_OBJC_ISA_USAGE = YES_ERROR;
				CLANG_WARN_DOCUMENTATION_COMMENTS = YES;
				CLANG_WARN_EMPTY_BODY = YES;
				CLANG_WARN_ENUM_CONVERSION = YES;
				CLANG_WARN_INFINITE_RECURSION = YES;
				CLANG_WARN_INT_CONVERSION = YES;
				CLANG_WARN_NON_LITERAL_NULL_CONVERSION = YES;
				CLANG_WARN_OBJC_IMPLICIT_RETAIN_SELF = YES;
				CLANG_WARN_OBJC_LITERAL_CONVERSION = YES;
				CLANG_WARN_OBJC_ROOT_CLASS = YES_ERROR;
				CLANG_WARN_QUOTED_INCLUDE_IN_FRAMEWORK_HEADER = YES;
				CLANG_WARN_RANGE_LOOP_ANALYSIS = YES;
				CLANG_WARN_STRICT_PROTOTYPES = YES;
				CLANG_WARN_SUSPICIOUS_MOVE = YES;
				CLANG_WARN_UNGUARDED_AVAILABILITY = YES_AGGRESSIVE;
				CLANG_WARN_UNREACHABLE_CODE = YES;
				CLANG_WARN__DUPLICATE_METHOD_MATCH = YES;
				COPY_PHASE_STRIP = NO;
				DEBUG_INFORMATION_FORMAT = dwarf;
				ENABLE_STRICT_OBJC_MSGSEND = YES;
				ENABLE_TESTABILITY = YES;
				GCC_C_LANGUAGE_STANDARD = gnu11;
				GCC_DYNAMIC_NO_PIC = NO;
				GCC_NO_COMMON_BLOCKS = YES;
				GCC_OPTIMIZATION_LEVEL = 0;
				GCC_PREPROCESSOR_DEFINITIONS = (
					"DEBUG=1",
					"$(inherited)",
				);
				GCC_WARN_64_TO_32_BIT_CONVERSION = YES;
				GCC_WARN_ABOUT_RETURN_TYPE = YES_ERROR;
				GCC_WARN_UNDECLARED_SELECTOR = YES;
				GCC_WARN_UNINITIALIZED_AUTOS = YES_AGGRESSIVE;
				GCC_WARN_UNUSED_FUNCTION = YES;
				GCC_WARN_UNUSED_VARIABLE = YES;
				IPHONEOS_DEPLOYMENT_TARGET = 14.5;
				MTL_ENABLE_DEBUG_INFO = INCLUDE_SOURCE;
				MTL_FAST_MATH = YES;
				ONLY_ACTIVE_ARCH = YES;
				SDKROOT = iphoneos;
				SWIFT_ACTIVE_COMPILATION_CONDITIONS = DEBUG;
				SWIFT_OPTIMIZATION_LEVEL = "-Onone";
			};
			name = Debug;
		};
		BD31B96926A28BF1003AE8EF /* Release */ = {
			isa = XCBuildConfiguration;
			buildSettings = {
				ALWAYS_SEARCH_USER_PATHS = NO;
				CLANG_ANALYZER_NONNULL = YES;
				CLANG_ANALYZER_NUMBER_OBJECT_CONVERSION = YES_AGGRESSIVE;
				CLANG_CXX_LANGUAGE_STANDARD = "gnu++14";
				CLANG_CXX_LIBRARY = "libc++";
				CLANG_ENABLE_MODULES = YES;
				CLANG_ENABLE_OBJC_ARC = YES;
				CLANG_ENABLE_OBJC_WEAK = YES;
				CLANG_WARN_BLOCK_CAPTURE_AUTORELEASING = YES;
				CLANG_WARN_BOOL_CONVERSION = YES;
				CLANG_WARN_COMMA = YES;
				CLANG_WARN_CONSTANT_CONVERSION = YES;
				CLANG_WARN_DEPRECATED_OBJC_IMPLEMENTATIONS = YES;
				CLANG_WARN_DIRECT_OBJC_ISA_USAGE = YES_ERROR;
				CLANG_WARN_DOCUMENTATION_COMMENTS = YES;
				CLANG_WARN_EMPTY_BODY = YES;
				CLANG_WARN_ENUM_CONVERSION = YES;
				CLANG_WARN_INFINITE_RECURSION = YES;
				CLANG_WARN_INT_CONVERSION = YES;
				CLANG_WARN_NON_LITERAL_NULL_CONVERSION = YES;
				CLANG_WARN_OBJC_IMPLICIT_RETAIN_SELF = YES;
				CLANG_WARN_OBJC_LITERAL_CONVERSION = YES;
				CLANG_WARN_OBJC_ROOT_CLASS = YES_ERROR;
				CLANG_WARN_QUOTED_INCLUDE_IN_FRAMEWORK_HEADER = YES;
				CLANG_WARN_RANGE_LOOP_ANALYSIS = YES;
				CLANG_WARN_STRICT_PROTOTYPES = YES;
				CLANG_WARN_SUSPICIOUS_MOVE = YES;
				CLANG_WARN_UNGUARDED_AVAILABILITY = YES_AGGRESSIVE;
				CLANG_WARN_UNREACHABLE_CODE = YES;
				CLANG_WARN__DUPLICATE_METHOD_MATCH = YES;
				COPY_PHASE_STRIP = NO;
				DEBUG_INFORMATION_FORMAT = "dwarf-with-dsym";
				ENABLE_NS_ASSERTIONS = NO;
				ENABLE_STRICT_OBJC_MSGSEND = YES;
				GCC_C_LANGUAGE_STANDARD = gnu11;
				GCC_NO_COMMON_BLOCKS = YES;
				GCC_WARN_64_TO_32_BIT_CONVERSION = YES;
				GCC_WARN_ABOUT_RETURN_TYPE = YES_ERROR;
				GCC_WARN_UNDECLARED_SELECTOR = YES;
				GCC_WARN_UNINITIALIZED_AUTOS = YES_AGGRESSIVE;
				GCC_WARN_UNUSED_FUNCTION = YES;
				GCC_WARN_UNUSED_VARIABLE = YES;
				IPHONEOS_DEPLOYMENT_TARGET = 14.5;
				MTL_ENABLE_DEBUG_INFO = NO;
				MTL_FAST_MATH = YES;
				SDKROOT = iphoneos;
				SWIFT_COMPILATION_MODE = wholemodule;
				SWIFT_OPTIMIZATION_LEVEL = "-O";
				VALIDATE_PRODUCT = YES;
			};
			name = Release;
		};
		BD31B96B26A28BF1003AE8EF /* Debug */ = {
			isa = XCBuildConfiguration;
			buildSettings = {
				ASSETCATALOG_COMPILER_APPICON_NAME = AppIcon;
				ASSETCATALOG_COMPILER_GLOBAL_ACCENT_COLOR_NAME = AccentColor;
				CODE_SIGN_STYLE = Automatic;
				DEVELOPMENT_ASSET_PATHS = "\"SwiftUIDemo/Preview Content\"";
				DEVELOPMENT_TEAM = B5N9K27U97;
				ENABLE_PREVIEWS = YES;
				INFOPLIST_FILE = SwiftUIDemo/Info.plist;
				IPHONEOS_DEPLOYMENT_TARGET = 14.0;
				LD_RUNPATH_SEARCH_PATHS = (
					"$(inherited)",
					"@executable_path/Frameworks",
				);
				PRODUCT_BUNDLE_IDENTIFIER = joyjune.test.SwiftUIDemo;
				PRODUCT_NAME = "$(TARGET_NAME)";
				SWIFT_VERSION = 5.0;
				TARGETED_DEVICE_FAMILY = "1,2";
			};
			name = Debug;
		};
		BD31B96C26A28BF1003AE8EF /* Release */ = {
			isa = XCBuildConfiguration;
			buildSettings = {
				ASSETCATALOG_COMPILER_APPICON_NAME = AppIcon;
				ASSETCATALOG_COMPILER_GLOBAL_ACCENT_COLOR_NAME = AccentColor;
				CODE_SIGN_STYLE = Automatic;
				DEVELOPMENT_ASSET_PATHS = "\"SwiftUIDemo/Preview Content\"";
				DEVELOPMENT_TEAM = B5N9K27U97;
				ENABLE_PREVIEWS = YES;
				INFOPLIST_FILE = SwiftUIDemo/Info.plist;
				IPHONEOS_DEPLOYMENT_TARGET = 14.0;
				LD_RUNPATH_SEARCH_PATHS = (
					"$(inherited)",
					"@executable_path/Frameworks",
				);
				PRODUCT_BUNDLE_IDENTIFIER = joyjune.test.SwiftUIDemo;
				PRODUCT_NAME = "$(TARGET_NAME)";
				SWIFT_VERSION = 5.0;
				TARGETED_DEVICE_FAMILY = "1,2";
			};
			name = Release;
		};
		BD31B96E26A28BF1003AE8EF /* Debug */ = {
			isa = XCBuildConfiguration;
			buildSettings = {
				ALWAYS_EMBED_SWIFT_STANDARD_LIBRARIES = YES;
				BUNDLE_LOADER = "$(TEST_HOST)";
				CODE_SIGN_STYLE = Automatic;
				DEVELOPMENT_TEAM = B5N9K27U97;
				INFOPLIST_FILE = SwiftUIDemoTests/Info.plist;
				IPHONEOS_DEPLOYMENT_TARGET = 14.0;
				LD_RUNPATH_SEARCH_PATHS = (
					"$(inherited)",
					"@executable_path/Frameworks",
					"@loader_path/Frameworks",
				);
				PRODUCT_BUNDLE_IDENTIFIER = joyjune.test.SwiftUIDemoTests;
				PRODUCT_NAME = "$(TARGET_NAME)";
				SWIFT_VERSION = 5.0;
				TARGETED_DEVICE_FAMILY = "1,2";
				TEST_HOST = "$(BUILT_PRODUCTS_DIR)/SwiftUIDemo.app/SwiftUIDemo";
			};
			name = Debug;
		};
		BD31B96F26A28BF1003AE8EF /* Release */ = {
			isa = XCBuildConfiguration;
			buildSettings = {
				ALWAYS_EMBED_SWIFT_STANDARD_LIBRARIES = YES;
				BUNDLE_LOADER = "$(TEST_HOST)";
				CODE_SIGN_STYLE = Automatic;
				DEVELOPMENT_TEAM = B5N9K27U97;
				INFOPLIST_FILE = SwiftUIDemoTests/Info.plist;
				IPHONEOS_DEPLOYMENT_TARGET = 14.0;
				LD_RUNPATH_SEARCH_PATHS = (
					"$(inherited)",
					"@executable_path/Frameworks",
					"@loader_path/Frameworks",
				);
				PRODUCT_BUNDLE_IDENTIFIER = joyjune.test.SwiftUIDemoTests;
				PRODUCT_NAME = "$(TARGET_NAME)";
				SWIFT_VERSION = 5.0;
				TARGETED_DEVICE_FAMILY = "1,2";
				TEST_HOST = "$(BUILT_PRODUCTS_DIR)/SwiftUIDemo.app/SwiftUIDemo";
			};
			name = Release;
		};
		BD31B97126A28BF1003AE8EF /* Debug */ = {
			isa = XCBuildConfiguration;
			buildSettings = {
				ALWAYS_EMBED_SWIFT_STANDARD_LIBRARIES = YES;
				CODE_SIGN_STYLE = Automatic;
				DEVELOPMENT_TEAM = B5N9K27U97;
				INFOPLIST_FILE = SwiftUIDemoUITests/Info.plist;
				LD_RUNPATH_SEARCH_PATHS = (
					"$(inherited)",
					"@executable_path/Frameworks",
					"@loader_path/Frameworks",
				);
				PRODUCT_BUNDLE_IDENTIFIER = joyjune.test.SwiftUIDemoUITests;
				PRODUCT_NAME = "$(TARGET_NAME)";
				SWIFT_VERSION = 5.0;
				TARGETED_DEVICE_FAMILY = "1,2";
				TEST_TARGET_NAME = SwiftUIDemo;
			};
			name = Debug;
		};
		BD31B97226A28BF1003AE8EF /* Release */ = {
			isa = XCBuildConfiguration;
			buildSettings = {
				ALWAYS_EMBED_SWIFT_STANDARD_LIBRARIES = YES;
				CODE_SIGN_STYLE = Automatic;
				DEVELOPMENT_TEAM = B5N9K27U97;
				INFOPLIST_FILE = SwiftUIDemoUITests/Info.plist;
				LD_RUNPATH_SEARCH_PATHS = (
					"$(inherited)",
					"@executable_path/Frameworks",
					"@loader_path/Frameworks",
				);
				PRODUCT_BUNDLE_IDENTIFIER = joyjune.test.SwiftUIDemoUITests;
				PRODUCT_NAME = "$(TARGET_NAME)";
				SWIFT_VERSION = 5.0;
				TARGETED_DEVICE_FAMILY = "1,2";
				TEST_TARGET_NAME = SwiftUIDemo;
			};
			name = Release;
		};
/* End XCBuildConfiguration section */

/* Begin XCConfigurationList section */
		BD31B94026A28BEE003AE8EF /* Build configuration list for PBXProject "SwiftUIDemo" */ = {
			isa = XCConfigurationList;
			buildConfigurations = (
				BD31B96826A28BF1003AE8EF /* Debug */,
				BD31B96926A28BF1003AE8EF /* Release */,
			);
			defaultConfigurationIsVisible = 0;
			defaultConfigurationName = Release;
		};
		BD31B96A26A28BF1003AE8EF /* Build configuration list for PBXNativeTarget "SwiftUIDemo" */ = {
			isa = XCConfigurationList;
			buildConfigurations = (
				BD31B96B26A28BF1003AE8EF /* Debug */,
				BD31B96C26A28BF1003AE8EF /* Release */,
			);
			defaultConfigurationIsVisible = 0;
			defaultConfigurationName = Release;
		};
		BD31B96D26A28BF1003AE8EF /* Build configuration list for PBXNativeTarget "SwiftUIDemoTests" */ = {
			isa = XCConfigurationList;
			buildConfigurations = (
				BD31B96E26A28BF1003AE8EF /* Debug */,
				BD31B96F26A28BF1003AE8EF /* Release */,
			);
			defaultConfigurationIsVisible = 0;
			defaultConfigurationName = Release;
		};
		BD31B97026A28BF1003AE8EF /* Build configuration list for PBXNativeTarget "SwiftUIDemoUITests" */ = {
			isa = XCConfigurationList;
			buildConfigurations = (
				BD31B97126A28BF1003AE8EF /* Debug */,
				BD31B97226A28BF1003AE8EF /* Release */,
			);
			defaultConfigurationIsVisible = 0;
			defaultConfigurationName = Release;
		};
/* End XCConfigurationList section */
	};
	rootObject = BD31B93D26A28BEE003AE8EF /* Project object */;
}
